
Microsoft Visual Studio Solution File, Format Version 12.00
# Visual Studio Version 16
VisualStudioVersion = 16.0.31410.357
MinimumVisualStudioVersion = 10.0.40219.1
Project("{FAE04EC0-301F-11D3-BF4B-00C04F79EFBC}") = "Strategy", "Strategy\Strategy.csproj", "{A8F36BF7-3775-4AE2-806B-8B0D3B79E9D9}"
EndProject
Project("{FAE04EC0-301F-11D3-BF4B-00C04F79EFBC}") = "Use_Strategy", "Use_Strategy\Use_Strategy.csproj", "{1CD2241B-D5AB-4F4D-B440-DC36B4F0403B}"
EndProject
Project("{FAE04EC0-301F-11D3-BF4B-00C04F79EFBC}") = "Test", "Test\Test.csproj", "{058B974F-9570-4573-9567-5779EF0F8348}"
EndProject
Global
	GlobalSection(SolutionConfigurationPlatforms) = preSolution
		Debug|Any CPU = Debug|Any CPU
		Release|Any CPU = Release|Any CPU
	EndGlobalSection
	GlobalSection(ProjectConfigurationPlatforms) = postSolution
		{A8F36BF7-3775-4AE2-806B-8B0D3B79E9D9}.Debug|Any CPU.ActiveCfg = Debug|Any CPU
		{A8F36BF7-3775-4AE2-806B-8B0D3B79E9D9}.Debug|Any CPU.Build.0 = Debug|Any CPU
		{A8F36BF7-3775-4AE2-806B-8B0D3B79E9D9}.Release|Any CPU.ActiveCfg = Release|Any CPU
		{A8F36BF7-3775-4AE2-806B-8B0D3B79E9D9}.Release|Any CPU.Build.0 = Release|Any CPU
		{1CD2241B-D5AB-4F4D-B440-DC36B4F0403B}.Debug|Any CPU.ActiveCfg = Debug|Any CPU
		{1CD2241B-D5AB-4F4D-B440-DC36B4F0403B}.Debug|Any CPU.Build.0 = Debug|Any CPU
		{1CD2241B-D5AB-4F4D-B440-DC36B4F0403B}.Release|Any CPU.ActiveCfg = Release|Any CPU
		{1CD2241B-D5AB-4F4D-B440-DC36B4F0403B}.Release|Any CPU.Build.0 = Release|Any CPU
		{058B974F-9570-4573-9567-5779EF0F8348}.Debug|Any CPU.ActiveCfg = Debug|Any CPU
		{058B974F-9570-4573-9567-5779EF0F8348}.Debug|Any CPU.Build.0 = Debug|Any CPU
		{058B974F-9570-4573-9567-5779EF0F8348}.Release|Any CPU.ActiveCfg = Release|Any CPU
		{058B974F-9570-4573-9567-5779EF0F8348}.Release|Any CPU.Build.0 = Release|Any CPU
	EndGlobalSection
	GlobalSection(SolutionProperties) = preSolution
		HideSolutionNode = FALSE
	EndGlobalSection
	GlobalSection(ExtensibilityGlobals) = postSolution
		SolutionGuid = {B32F3D2F-2D08-4BCB-ACD4-BFD91115E2CC}
	EndGlobalSection
EndGlobal
